
Microsoft Visual Studio Solution File, Format Version 12.00
# Visual Studio Version 16
VisualStudioVersion = 16.0.29424.173
MinimumVisualStudioVersion = 15.0.26124.0
Project("{2150E333-8FDC-42A3-9474-1A3956D46DE8}") = "src", "src", "{CADE6026-B100-46E0-B223-CE22B64B25F7}"
EndProject
Project("{2150E333-8FDC-42A3-9474-1A3956D46DE8}") = "test", "test", "{23F5944A-162F-4EAA-AFC9-278E7A657976}"
EndProject
Project("{FAE04EC0-301F-11D3-BF4B-00C04F79EFBC}") = "SurveyExtensions", "src\SurveyExtensions\SurveyExtensions.csproj", "{59DC8742-3C38-4991-B25B-70016D4E1D67}"
EndProject
Project("{FAE04EC0-301F-11D3-BF4B-00C04F79EFBC}") = "SurveyExtensionsTests", "test\SurveyExtensionsTests\SurveyExtensionsTests.csproj", "{817C21CF-E17D-4186-9A9A-434819130565}"
EndProject
Global
	GlobalSection(SolutionConfigurationPlatforms) = preSolution
		Debug|Any CPU = Debug|Any CPU
		Debug|x64 = Debug|x64
		Debug|x86 = Debug|x86
		Release|Any CPU = Release|Any CPU
		Release|x64 = Release|x64
		Release|x86 = Release|x86
	EndGlobalSection
	GlobalSection(ProjectConfigurationPlatforms) = postSolution
		{59DC8742-3C38-4991-B25B-70016D4E1D67}.Debug|Any CPU.ActiveCfg = Debug|Any CPU
		{59DC8742-3C38-4991-B25B-70016D4E1D67}.Debug|Any CPU.Build.0 = Debug|Any CPU
		{59DC8742-3C38-4991-B25B-70016D4E1D67}.Debug|x64.ActiveCfg = Debug|Any CPU
		{59DC8742-3C38-4991-B25B-70016D4E1D67}.Debug|x64.Build.0 = Debug|Any CPU
		{59DC8742-3C38-4991-B25B-70016D4E1D67}.Debug|x86.ActiveCfg = Debug|Any CPU
		{59DC8742-3C38-4991-B25B-70016D4E1D67}.Debug|x86.Build.0 = Debug|Any CPU
		{59DC8742-3C38-4991-B25B-70016D4E1D67}.Release|Any CPU.ActiveCfg = Release|Any CPU
		{59DC8742-3C38-4991-B25B-70016D4E1D67}.Release|Any CPU.Build.0 = Release|Any CPU
		{59DC8742-3C38-4991-B25B-70016D4E1D67}.Release|x64.ActiveCfg = Release|Any CPU
		{59DC8742-3C38-4991-B25B-70016D4E1D67}.Release|x64.Build.0 = Release|Any CPU
		{59DC8742-3C38-4991-B25B-70016D4E1D67}.Release|x86.ActiveCfg = Release|Any CPU
		{59DC8742-3C38-4991-B25B-70016D4E1D67}.Release|x86.Build.0 = Release|Any CPU
		{817C21CF-E17D-4186-9A9A-434819130565}.Debug|Any CPU.ActiveCfg = Debug|Any CPU
		{817C21CF-E17D-4186-9A9A-434819130565}.Debug|Any CPU.Build.0 = Debug|Any CPU
		{817C21CF-E17D-4186-9A9A-434819130565}.Debug|x64.ActiveCfg = Debug|Any CPU
		{817C21CF-E17D-4186-9A9A-434819130565}.Debug|x64.Build.0 = Debug|Any CPU
		{817C21CF-E17D-4186-9A9A-434819130565}.Debug|x86.ActiveCfg = Debug|Any CPU
		{817C21CF-E17D-4186-9A9A-434819130565}.Debug|x86.Build.0 = Debug|Any CPU
		{817C21CF-E17D-4186-9A9A-434819130565}.Release|Any CPU.ActiveCfg = Release|Any CPU
		{817C21CF-E17D-4186-9A9A-434819130565}.Release|Any CPU.Build.0 = Release|Any CPU
		{817C21CF-E17D-4186-9A9A-434819130565}.Release|x64.ActiveCfg = Release|Any CPU
		{817C21CF-E17D-4186-9A9A-434819130565}.Release|x64.Build.0 = Release|Any CPU
		{817C21CF-E17D-4186-9A9A-434819130565}.Release|x86.ActiveCfg = Release|Any CPU
		{817C21CF-E17D-4186-9A9A-434819130565}.Release|x86.Build.0 = Release|Any CPU
	EndGlobalSection
	GlobalSection(SolutionProperties) = preSolution
		HideSolutionNode = FALSE
	EndGlobalSection
	GlobalSection(NestedProjects) = preSolution
		{59DC8742-3C38-4991-B25B-70016D4E1D67} = {CADE6026-B100-46E0-B223-CE22B64B25F7}
		{817C21CF-E17D-4186-9A9A-434819130565} = {23F5944A-162F-4EAA-AFC9-278E7A657976}
	EndGlobalSection
	GlobalSection(ExtensibilityGlobals) = postSolution
		SolutionGuid = {381DDB49-A227-4116-82DF-55F6E96ACD03}
	EndGlobalSection
EndGlobal
